
Microsoft Visual Studio Solution File, Format Version 12.00
# Visual Studio Version 16
VisualStudioVersion = 16.0.31402.337
MinimumVisualStudioVersion = 10.0.40219.1
Project("{9A19103F-16F7-4668-BE54-9A1E7A4F7556}") = "OdeToFood", "OdeToFood\OdeToFood.csproj", "{7F0F17CF-3683-4AF5-851E-15B97D359DF8}"
EndProject
Project("{9A19103F-16F7-4668-BE54-9A1E7A4F7556}") = "OdeToFood.Core", "OdeToFood.Core\OdeToFood.Core.csproj", "{4B6AE369-82D1-493C-ADBD-A5E3CD0CEA30}"
EndProject
Project("{9A19103F-16F7-4668-BE54-9A1E7A4F7556}") = "OdeToFood.Data", "OdeToFood.Data\OdeToFood.Data.csproj", "{313C6457-FFC6-4F34-95F4-3B955F9A1D92}"
EndProject
Global
	GlobalSection(SolutionConfigurationPlatforms) = preSolution
		Debug|Any CPU = Debug|Any CPU
		Release|Any CPU = Release|Any CPU
	EndGlobalSection
	GlobalSection(ProjectConfigurationPlatforms) = postSolution
		{7F0F17CF-3683-4AF5-851E-15B97D359DF8}.Debug|Any CPU.ActiveCfg = Debug|Any CPU
		{7F0F17CF-3683-4AF5-851E-15B97D359DF8}.Debug|Any CPU.Build.0 = Debug|Any CPU
		{7F0F17CF-3683-4AF5-851E-15B97D359DF8}.Release|Any CPU.ActiveCfg = Release|Any CPU
		{7F0F17CF-3683-4AF5-851E-15B97D359DF8}.Release|Any CPU.Build.0 = Release|Any CPU
		{4B6AE369-82D1-493C-ADBD-A5E3CD0CEA30}.Debug|Any CPU.ActiveCfg = Debug|Any CPU
		{4B6AE369-82D1-493C-ADBD-A5E3CD0CEA30}.Debug|Any CPU.Build.0 = Debug|Any CPU
		{4B6AE369-82D1-493C-ADBD-A5E3CD0CEA30}.Release|Any CPU.ActiveCfg = Release|Any CPU
		{4B6AE369-82D1-493C-ADBD-A5E3CD0CEA30}.Release|Any CPU.Build.0 = Release|Any CPU
		{313C6457-FFC6-4F34-95F4-3B955F9A1D92}.Debug|Any CPU.ActiveCfg = Debug|Any CPU
		{313C6457-FFC6-4F34-95F4-3B955F9A1D92}.Debug|Any CPU.Build.0 = Debug|Any CPU
		{313C6457-FFC6-4F34-95F4-3B955F9A1D92}.Release|Any CPU.ActiveCfg = Release|Any CPU
		{313C6457-FFC6-4F34-95F4-3B955F9A1D92}.Release|Any CPU.Build.0 = Release|Any CPU
	EndGlobalSection
	GlobalSection(SolutionProperties) = preSolution
		HideSolutionNode = FALSE
	EndGlobalSection
	GlobalSection(ExtensibilityGlobals) = postSolution
		SolutionGuid = {7C7F973C-679F-4FCC-8E61-CE54CAF4B914}
	EndGlobalSection
EndGlobal
